
Microsoft Visual Studio Solution File, Format Version 12.00
# Visual Studio 15
VisualStudioVersion = 15.0.28307.106
MinimumVisualStudioVersion = 10.0.40219.1
Project("{FAE04EC0-301F-11D3-BF4B-00C04F79EFBC}") = "Weighbridge", "WeighBridge\Weighbridge.csproj", "{C2CF14DD-4476-44E6-85B2-F03ED6CBB339}"
EndProject
Project("{FAE04EC0-301F-11D3-BF4B-00C04F79EFBC}") = "SevenSegment", "SevenSegment\SevenSegment.csproj", "{ED2A8BEC-7757-4A3C-B180-CD6698D64D54}"
EndProject
Global
	GlobalSection(SolutionConfigurationPlatforms) = preSolution
		Debug|Any CPU = Debug|Any CPU
		Debug|x86 = Debug|x86
		Release|Any CPU = Release|Any CPU
		Release|x86 = Release|x86
	EndGlobalSection
	GlobalSection(ProjectConfigurationPlatforms) = postSolution
		{C2CF14DD-4476-44E6-85B2-F03ED6CBB339}.Debug|Any CPU.ActiveCfg = Debug|x86
		{C2CF14DD-4476-44E6-85B2-F03ED6CBB339}.Debug|Any CPU.Build.0 = Debug|x86
		{C2CF14DD-4476-44E6-85B2-F03ED6CBB339}.Debug|x86.ActiveCfg = Debug|x86
		{C2CF14DD-4476-44E6-85B2-F03ED6CBB339}.Debug|x86.Build.0 = Debug|x86
		{C2CF14DD-4476-44E6-85B2-F03ED6CBB339}.Release|Any CPU.ActiveCfg = Release|x86
		{C2CF14DD-4476-44E6-85B2-F03ED6CBB339}.Release|x86.ActiveCfg = Release|x86
		{C2CF14DD-4476-44E6-85B2-F03ED6CBB339}.Release|x86.Build.0 = Release|x86
		{ED2A8BEC-7757-4A3C-B180-CD6698D64D54}.Debug|Any CPU.ActiveCfg = Debug|Any CPU
		{ED2A8BEC-7757-4A3C-B180-CD6698D64D54}.Debug|Any CPU.Build.0 = Debug|Any CPU
		{ED2A8BEC-7757-4A3C-B180-CD6698D64D54}.Debug|x86.ActiveCfg = Debug|Any CPU
		{ED2A8BEC-7757-4A3C-B180-CD6698D64D54}.Debug|x86.Build.0 = Debug|Any CPU
		{ED2A8BEC-7757-4A3C-B180-CD6698D64D54}.Release|Any CPU.ActiveCfg = Release|Any CPU
		{ED2A8BEC-7757-4A3C-B180-CD6698D64D54}.Release|Any CPU.Build.0 = Release|Any CPU
		{ED2A8BEC-7757-4A3C-B180-CD6698D64D54}.Release|x86.ActiveCfg = Release|Any CPU
		{ED2A8BEC-7757-4A3C-B180-CD6698D64D54}.Release|x86.Build.0 = Release|Any CPU
	EndGlobalSection
	GlobalSection(SolutionProperties) = preSolution
		HideSolutionNode = FALSE
	EndGlobalSection
	GlobalSection(ExtensibilityGlobals) = postSolution
		SolutionGuid = {F55FCEB6-0EC2-4326-8DFB-296A42E20D7F}
	EndGlobalSection
EndGlobal
